
Microsoft Visual Studio Solution File, Format Version 12.00
# Visual Studio Version 17
VisualStudioVersion = 17.12.35527.113 d17.12
MinimumVisualStudioVersion = 10.0.40219.1
Project("{FAE04EC0-301F-11D3-BF4B-00C04F79EFBC}") = "CartServices.API", "CartServices.API\CartServices.API.csproj", "{0C9E01B0-7D64-4A2A-9B6B-2C281803E6DA}"
EndProject
Project("{FAE04EC0-301F-11D3-BF4B-00C04F79EFBC}") = "CartServices.DAL", "CartServices.DAL\CartServices.DAL.csproj", "{5EEDF828-1EB3-45F8-91D5-CDB2053610DD}"
EndProject
Project("{FAE04EC0-301F-11D3-BF4B-00C04F79EFBC}") = "CartServices.BLL", "CartServices.BLL\CartServices.BLL.csproj", "{6C157594-DD1F-467C-803F-A5A665412421}"
EndProject
Global
	GlobalSection(SolutionConfigurationPlatforms) = preSolution
		Debug|Any CPU = Debug|Any CPU
		Release|Any CPU = Release|Any CPU
	EndGlobalSection
	GlobalSection(ProjectConfigurationPlatforms) = postSolution
		{0C9E01B0-7D64-4A2A-9B6B-2C281803E6DA}.Debug|Any CPU.ActiveCfg = Debug|Any CPU
		{0C9E01B0-7D64-4A2A-9B6B-2C281803E6DA}.Debug|Any CPU.Build.0 = Debug|Any CPU
		{0C9E01B0-7D64-4A2A-9B6B-2C281803E6DA}.Release|Any CPU.ActiveCfg = Release|Any CPU
		{0C9E01B0-7D64-4A2A-9B6B-2C281803E6DA}.Release|Any CPU.Build.0 = Release|Any CPU
		{5EEDF828-1EB3-45F8-91D5-CDB2053610DD}.Debug|Any CPU.ActiveCfg = Debug|Any CPU
		{5EEDF828-1EB3-45F8-91D5-CDB2053610DD}.Debug|Any CPU.Build.0 = Debug|Any CPU
		{5EEDF828-1EB3-45F8-91D5-CDB2053610DD}.Release|Any CPU.ActiveCfg = Release|Any CPU
		{5EEDF828-1EB3-45F8-91D5-CDB2053610DD}.Release|Any CPU.Build.0 = Release|Any CPU
		{6C157594-DD1F-467C-803F-A5A665412421}.Debug|Any CPU.ActiveCfg = Debug|Any CPU
		{6C157594-DD1F-467C-803F-A5A665412421}.Debug|Any CPU.Build.0 = Debug|Any CPU
		{6C157594-DD1F-467C-803F-A5A665412421}.Release|Any CPU.ActiveCfg = Release|Any CPU
		{6C157594-DD1F-467C-803F-A5A665412421}.Release|Any CPU.Build.0 = Release|Any CPU
	EndGlobalSection
	GlobalSection(SolutionProperties) = preSolution
		HideSolutionNode = FALSE
	EndGlobalSection
EndGlobal
