
Microsoft Visual Studio Solution File, Format Version 12.00
# Visual Studio Version 17
VisualStudioVersion = 17.12.35527.113 d17.12
MinimumVisualStudioVersion = 10.0.40219.1
Project("{FAE04EC0-301F-11D3-BF4B-00C04F79EFBC}") = "AutorsServices.API", "AutorsServices.API\AutorsServices.API.csproj", "{C1057683-70B0-4EE9-9FF5-95B8D669BC51}"
EndProject
Project("{FAE04EC0-301F-11D3-BF4B-00C04F79EFBC}") = "AutorsServices.DAL", "AutorsServices.DAL\AutorsServices.DAL.csproj", "{D81ED121-33B1-46F0-9403-E8F64E5D5A40}"
EndProject
Project("{FAE04EC0-301F-11D3-BF4B-00C04F79EFBC}") = "AutorsServices.BLL", "AutorsServices.BLL\AutorsServices.BLL.csproj", "{A56D9A25-063A-4C62-9067-11742D31F963}"
EndProject
Global
	GlobalSection(SolutionConfigurationPlatforms) = preSolution
		Debug|Any CPU = Debug|Any CPU
		Release|Any CPU = Release|Any CPU
	EndGlobalSection
	GlobalSection(ProjectConfigurationPlatforms) = postSolution
		{C1057683-70B0-4EE9-9FF5-95B8D669BC51}.Debug|Any CPU.ActiveCfg = Debug|Any CPU
		{C1057683-70B0-4EE9-9FF5-95B8D669BC51}.Debug|Any CPU.Build.0 = Debug|Any CPU
		{C1057683-70B0-4EE9-9FF5-95B8D669BC51}.Release|Any CPU.ActiveCfg = Release|Any CPU
		{C1057683-70B0-4EE9-9FF5-95B8D669BC51}.Release|Any CPU.Build.0 = Release|Any CPU
		{D81ED121-33B1-46F0-9403-E8F64E5D5A40}.Debug|Any CPU.ActiveCfg = Debug|Any CPU
		{D81ED121-33B1-46F0-9403-E8F64E5D5A40}.Debug|Any CPU.Build.0 = Debug|Any CPU
		{D81ED121-33B1-46F0-9403-E8F64E5D5A40}.Release|Any CPU.ActiveCfg = Release|Any CPU
		{D81ED121-33B1-46F0-9403-E8F64E5D5A40}.Release|Any CPU.Build.0 = Release|Any CPU
		{A56D9A25-063A-4C62-9067-11742D31F963}.Debug|Any CPU.ActiveCfg = Debug|Any CPU
		{A56D9A25-063A-4C62-9067-11742D31F963}.Debug|Any CPU.Build.0 = Debug|Any CPU
		{A56D9A25-063A-4C62-9067-11742D31F963}.Release|Any CPU.ActiveCfg = Release|Any CPU
		{A56D9A25-063A-4C62-9067-11742D31F963}.Release|Any CPU.Build.0 = Release|Any CPU
	EndGlobalSection
	GlobalSection(SolutionProperties) = preSolution
		HideSolutionNode = FALSE
	EndGlobalSection
EndGlobal
